
Microsoft Visual Studio Solution File, Format Version 12.00
# Visual Studio Version 16
VisualStudioVersion = 16.0.31424.327
MinimumVisualStudioVersion = 10.0.40219.1
Project("{888888A0-9F3D-457C-B088-3A5042F75D52}") = "Task0", "Task0.pyproj", "{10724A83-095D-4AED-A1EE-4FF366238400}"
EndProject
Global
	GlobalSection(SolutionConfigurationPlatforms) = preSolution
		Debug|Any CPU = Debug|Any CPU
		Release|Any CPU = Release|Any CPU
	EndGlobalSection
	GlobalSection(ProjectConfigurationPlatforms) = postSolution
		{10724A83-095D-4AED-A1EE-4FF366238400}.Debug|Any CPU.ActiveCfg = Debug|Any CPU
		{10724A83-095D-4AED-A1EE-4FF366238400}.Release|Any CPU.ActiveCfg = Release|Any CPU
	EndGlobalSection
	GlobalSection(SolutionProperties) = preSolution
		HideSolutionNode = FALSE
	EndGlobalSection
	GlobalSection(ExtensibilityGlobals) = postSolution
		SolutionGuid = {638153C4-BC54-4883-BEBE-B3DF293FB316}
	EndGlobalSection
EndGlobal
